
Microsoft Visual Studio Solution File, Format Version 12.00
# Visual Studio 2012
VisualStudioVersion = 12.0.30324.0
MinimumVisualStudioVersion = 10.0.40219.1
Project("{2150E333-8FDC-42A3-9474-1A3956D46DE8}") = "src", "src", "{E61C5263-059D-4D03-B9DC-30044EF62417}"
EndProject
Project("{FAE04EC0-301F-11D3-BF4B-00C04F79EFBC}") = "Stateflow", "src\Stateflow\Stateflow.csproj", "{F0A6D231-7778-4921-9EF3-CD1CF8E90C3E}"
EndProject
Project("{FAE04EC0-301F-11D3-BF4B-00C04F79EFBC}") = "Stateflow.Expressions", "src\Stateflow.Expressions\Stateflow.Expressions.csproj", "{D893A947-7B82-42D0-8D12-34D678AC5314}"
EndProject
Project("{FAE04EC0-301F-11D3-BF4B-00C04F79EFBC}") = "Stateflow.Fields", "src\Stateflow.Fields\Stateflow.Fields.csproj", "{52398C9C-D4BE-4475-A81D-483308327B16}"
EndProject
Project("{FAE04EC0-301F-11D3-BF4B-00C04F79EFBC}") = "Stateflow.Data", "src\Stateflow.Data\Stateflow.Data.csproj", "{8BD11584-312F-4F37-9255-603F0546D711}"
EndProject
Project("{FAE04EC0-301F-11D3-BF4B-00C04F79EFBC}") = "Stateflow.Data.Store.ElasticSearch", "src\Stateflow.Data.Store.ElasticSearch\Stateflow.Data.Store.ElasticSearch.csproj", "{D2488F81-4382-465C-BD6F-61955F84D76D}"
EndProject
Project("{2150E333-8FDC-42A3-9474-1A3956D46DE8}") = ".nuget", ".nuget", "{092FBE60-3198-4656-936C-9866F1385C4F}"
	ProjectSection(SolutionItems) = preProject
		.nuget\NuGet.Config = .nuget\NuGet.Config
		.nuget\NuGet.exe = .nuget\NuGet.exe
		.nuget\NuGet.targets = .nuget\NuGet.targets
	EndProjectSection
EndProject
Project("{2150E333-8FDC-42A3-9474-1A3956D46DE8}") = "samples", "samples", "{DFD1F8FC-BB5B-40AE-8BF6-4802253F8DA3}"
EndProject
Project("{FAE04EC0-301F-11D3-BF4B-00C04F79EFBC}") = "LeadSample", "sample\LeadSample\LeadSample.csproj", "{C64D10FA-DB94-47AF-9C55-6888105521C1}"
EndProject
Project("{2150E333-8FDC-42A3-9474-1A3956D46DE8}") = "tests", "tests", "{07D498B8-BA08-4346-B491-C7721E7036C5}"
EndProject
Project("{FAE04EC0-301F-11D3-BF4B-00C04F79EFBC}") = "Stateflow.Fields.Tests", "tests\Stateflow.Fields.Tests\Stateflow.Fields.Tests.csproj", "{0B52EC14-7C0A-4933-9557-D35D4FC9124B}"
EndProject
Project("{FAE04EC0-301F-11D3-BF4B-00C04F79EFBC}") = "Stateflow.Tests", "tests\Stateflow.Tests\Stateflow.Tests.csproj", "{63C2C329-F589-461A-8F45-B7C3C325A8C4}"
EndProject
Project("{FAE04EC0-301F-11D3-BF4B-00C04F79EFBC}") = "Stateflow.Data.Tests", "tests\Stateflow.Data.Tests\Stateflow.Data.Tests.csproj", "{E816C4B9-F8B3-4ECC-B180-87781D93B26E}"
EndProject
Project("{FAE04EC0-301F-11D3-BF4B-00C04F79EFBC}") = "Stateflow.Data.Store.ElasticSearch.Tests", "tests\Stateflow.Data.Store.ElasticSearch.Tests\Stateflow.Data.Store.ElasticSearch.Tests.csproj", "{B9091288-F46D-4B57-8E86-C872835D8755}"
EndProject
Global
	GlobalSection(SolutionConfigurationPlatforms) = preSolution
		Debug|Any CPU = Debug|Any CPU
		Release|Any CPU = Release|Any CPU
	EndGlobalSection
	GlobalSection(ProjectConfigurationPlatforms) = postSolution
		{0B52EC14-7C0A-4933-9557-D35D4FC9124B}.Debug|Any CPU.ActiveCfg = Debug|Any CPU
		{0B52EC14-7C0A-4933-9557-D35D4FC9124B}.Debug|Any CPU.Build.0 = Debug|Any CPU
		{0B52EC14-7C0A-4933-9557-D35D4FC9124B}.Release|Any CPU.ActiveCfg = Release|Any CPU
		{0B52EC14-7C0A-4933-9557-D35D4FC9124B}.Release|Any CPU.Build.0 = Release|Any CPU
		{52398C9C-D4BE-4475-A81D-483308327B16}.Debug|Any CPU.ActiveCfg = Debug|Any CPU
		{52398C9C-D4BE-4475-A81D-483308327B16}.Debug|Any CPU.Build.0 = Debug|Any CPU
		{52398C9C-D4BE-4475-A81D-483308327B16}.Release|Any CPU.ActiveCfg = Release|Any CPU
		{52398C9C-D4BE-4475-A81D-483308327B16}.Release|Any CPU.Build.0 = Release|Any CPU
		{63C2C329-F589-461A-8F45-B7C3C325A8C4}.Debug|Any CPU.ActiveCfg = Debug|Any CPU
		{63C2C329-F589-461A-8F45-B7C3C325A8C4}.Debug|Any CPU.Build.0 = Debug|Any CPU
		{63C2C329-F589-461A-8F45-B7C3C325A8C4}.Release|Any CPU.ActiveCfg = Release|Any CPU
		{63C2C329-F589-461A-8F45-B7C3C325A8C4}.Release|Any CPU.Build.0 = Release|Any CPU
		{8BD11584-312F-4F37-9255-603F0546D711}.Debug|Any CPU.ActiveCfg = Debug|Any CPU
		{8BD11584-312F-4F37-9255-603F0546D711}.Debug|Any CPU.Build.0 = Debug|Any CPU
		{8BD11584-312F-4F37-9255-603F0546D711}.Release|Any CPU.ActiveCfg = Release|Any CPU
		{8BD11584-312F-4F37-9255-603F0546D711}.Release|Any CPU.Build.0 = Release|Any CPU
		{B9091288-F46D-4B57-8E86-C872835D8755}.Debug|Any CPU.ActiveCfg = Debug|Any CPU
		{B9091288-F46D-4B57-8E86-C872835D8755}.Debug|Any CPU.Build.0 = Debug|Any CPU
		{B9091288-F46D-4B57-8E86-C872835D8755}.Release|Any CPU.ActiveCfg = Release|Any CPU
		{B9091288-F46D-4B57-8E86-C872835D8755}.Release|Any CPU.Build.0 = Release|Any CPU
		{C64D10FA-DB94-47AF-9C55-6888105521C1}.Debug|Any CPU.ActiveCfg = Debug|Any CPU
		{C64D10FA-DB94-47AF-9C55-6888105521C1}.Debug|Any CPU.Build.0 = Debug|Any CPU
		{C64D10FA-DB94-47AF-9C55-6888105521C1}.Release|Any CPU.ActiveCfg = Release|Any CPU
		{C64D10FA-DB94-47AF-9C55-6888105521C1}.Release|Any CPU.Build.0 = Release|Any CPU
		{D2488F81-4382-465C-BD6F-61955F84D76D}.Debug|Any CPU.ActiveCfg = Debug|Any CPU
		{D2488F81-4382-465C-BD6F-61955F84D76D}.Debug|Any CPU.Build.0 = Debug|Any CPU
		{D2488F81-4382-465C-BD6F-61955F84D76D}.Release|Any CPU.ActiveCfg = Release|Any CPU
		{D2488F81-4382-465C-BD6F-61955F84D76D}.Release|Any CPU.Build.0 = Release|Any CPU
		{D893A947-7B82-42D0-8D12-34D678AC5314}.Debug|Any CPU.ActiveCfg = Debug|Any CPU
		{D893A947-7B82-42D0-8D12-34D678AC5314}.Debug|Any CPU.Build.0 = Debug|Any CPU
		{D893A947-7B82-42D0-8D12-34D678AC5314}.Release|Any CPU.ActiveCfg = Release|Any CPU
		{D893A947-7B82-42D0-8D12-34D678AC5314}.Release|Any CPU.Build.0 = Release|Any CPU
		{E816C4B9-F8B3-4ECC-B180-87781D93B26E}.Debug|Any CPU.ActiveCfg = Debug|Any CPU
		{E816C4B9-F8B3-4ECC-B180-87781D93B26E}.Debug|Any CPU.Build.0 = Debug|Any CPU
		{E816C4B9-F8B3-4ECC-B180-87781D93B26E}.Release|Any CPU.ActiveCfg = Release|Any CPU
		{E816C4B9-F8B3-4ECC-B180-87781D93B26E}.Release|Any CPU.Build.0 = Release|Any CPU
		{F0A6D231-7778-4921-9EF3-CD1CF8E90C3E}.Debug|Any CPU.ActiveCfg = Debug|Any CPU
		{F0A6D231-7778-4921-9EF3-CD1CF8E90C3E}.Debug|Any CPU.Build.0 = Debug|Any CPU
		{F0A6D231-7778-4921-9EF3-CD1CF8E90C3E}.Release|Any CPU.ActiveCfg = Release|Any CPU
		{F0A6D231-7778-4921-9EF3-CD1CF8E90C3E}.Release|Any CPU.Build.0 = Release|Any CPU
	EndGlobalSection
	GlobalSection(NestedProjects) = preSolution
		{F0A6D231-7778-4921-9EF3-CD1CF8E90C3E} = {E61C5263-059D-4D03-B9DC-30044EF62417}
		{D893A947-7B82-42D0-8D12-34D678AC5314} = {E61C5263-059D-4D03-B9DC-30044EF62417}
		{52398C9C-D4BE-4475-A81D-483308327B16} = {E61C5263-059D-4D03-B9DC-30044EF62417}
		{8BD11584-312F-4F37-9255-603F0546D711} = {E61C5263-059D-4D03-B9DC-30044EF62417}
		{D2488F81-4382-465C-BD6F-61955F84D76D} = {E61C5263-059D-4D03-B9DC-30044EF62417}
		{C64D10FA-DB94-47AF-9C55-6888105521C1} = {DFD1F8FC-BB5B-40AE-8BF6-4802253F8DA3}
		{0B52EC14-7C0A-4933-9557-D35D4FC9124B} = {07D498B8-BA08-4346-B491-C7721E7036C5}
		{63C2C329-F589-461A-8F45-B7C3C325A8C4} = {07D498B8-BA08-4346-B491-C7721E7036C5}
		{E816C4B9-F8B3-4ECC-B180-87781D93B26E} = {07D498B8-BA08-4346-B491-C7721E7036C5}
		{B9091288-F46D-4B57-8E86-C872835D8755} = {07D498B8-BA08-4346-B491-C7721E7036C5}
	EndGlobalSection
	GlobalSection(MonoDevelopProperties) = preSolution
		StartupItem = src\Stateflow\Stateflow.csproj
		Policies = $0
		$0.DotNetNamingPolicy = $1
		$1.DirectoryNamespaceAssociation = None
		$1.ResourceNamePolicy = FileName
		$0.TextStylePolicy = $2
		$2.inheritsSet = null
		$2.scope = text/x-csharp
		$0.CSharpFormattingPolicy = $3
		$3.BeforeMethodDeclarationParentheses = False
		$3.AfterDelegateDeclarationParameterComma = True
		$3.inheritsSet = Mono
		$3.inheritsScope = text/x-csharp
		$3.scope = text/x-csharp
		$0.StandardHeader = $4
		$4.Text = 
		$4.IncludeInNewFiles = True
		$0.NameConventionPolicy = $5
		$5.Rules = $6
		$6.NamingRule = $7
		$7.Name = Namespaces
		$7.AffectedEntity = Namespace
		$7.VisibilityMask = VisibilityMask
		$7.NamingStyle = PascalCase
		$7.IncludeInstanceMembers = True
		$7.IncludeStaticEntities = True
		$6.NamingRule = $8
		$8.Name = Types
		$8.AffectedEntity = Class, Struct, Enum, Delegate
		$8.VisibilityMask = Public
		$8.NamingStyle = PascalCase
		$8.IncludeInstanceMembers = True
		$8.IncludeStaticEntities = True
		$6.NamingRule = $9
		$9.Name = Interfaces
		$9.RequiredPrefixes = $10
		$10.String = I
		$9.AffectedEntity = Interface
		$9.VisibilityMask = Public
		$9.NamingStyle = PascalCase
		$9.IncludeInstanceMembers = True
		$9.IncludeStaticEntities = True
		$6.NamingRule = $11
		$11.Name = Attributes
		$11.RequiredSuffixes = $12
		$12.String = Attribute
		$11.AffectedEntity = CustomAttributes
		$11.VisibilityMask = Public
		$11.NamingStyle = PascalCase
		$11.IncludeInstanceMembers = True
		$11.IncludeStaticEntities = True
		$6.NamingRule = $13
		$13.Name = Event Arguments
		$13.RequiredSuffixes = $14
		$14.String = EventArgs
		$13.AffectedEntity = CustomEventArgs
		$13.VisibilityMask = Public
		$13.NamingStyle = PascalCase
		$13.IncludeInstanceMembers = True
		$13.IncludeStaticEntities = True
		$6.NamingRule = $15
		$15.Name = Exceptions
		$15.RequiredSuffixes = $16
		$16.String = Exception
		$15.AffectedEntity = CustomExceptions
		$15.VisibilityMask = VisibilityMask
		$15.NamingStyle = PascalCase
		$15.IncludeInstanceMembers = True
		$15.IncludeStaticEntities = True
		$6.NamingRule = $17
		$17.Name = Methods
		$17.AffectedEntity = Methods
		$17.VisibilityMask = Protected, Public
		$17.NamingStyle = PascalCase
		$17.IncludeInstanceMembers = True
		$17.IncludeStaticEntities = True
		$6.NamingRule = $18
		$18.Name = Static Readonly Fields
		$18.AffectedEntity = ReadonlyField
		$18.VisibilityMask = Protected, Public
		$18.NamingStyle = PascalCase
		$18.IncludeInstanceMembers = False
		$18.IncludeStaticEntities = True
		$6.NamingRule = $19
		$19.Name = Fields
		$19.AffectedEntity = Field
		$19.VisibilityMask = Protected, Public
		$19.NamingStyle = PascalCase
		$19.IncludeInstanceMembers = True
		$19.IncludeStaticEntities = True
		$6.NamingRule = $20
		$20.Name = ReadOnly Fields
		$20.AffectedEntity = ReadonlyField
		$20.VisibilityMask = Protected, Public
		$20.NamingStyle = PascalCase
		$20.IncludeInstanceMembers = True
		$20.IncludeStaticEntities = False
		$6.NamingRule = $21
		$21.Name = Constant Fields
		$21.AffectedEntity = ConstantField
		$21.VisibilityMask = Protected, Public
		$21.NamingStyle = PascalCase
		$21.IncludeInstanceMembers = True
		$21.IncludeStaticEntities = True
		$6.NamingRule = $22
		$22.Name = Properties
		$22.AffectedEntity = Property
		$22.VisibilityMask = Protected, Public
		$22.NamingStyle = PascalCase
		$22.IncludeInstanceMembers = True
		$22.IncludeStaticEntities = True
		$6.NamingRule = $23
		$23.Name = Events
		$23.AffectedEntity = Event
		$23.VisibilityMask = Protected, Public
		$23.NamingStyle = PascalCase
		$23.IncludeInstanceMembers = True
		$23.IncludeStaticEntities = True
		$6.NamingRule = $24
		$24.Name = Enum Members
		$24.AffectedEntity = EnumMember
		$24.VisibilityMask = VisibilityMask
		$24.NamingStyle = PascalCase
		$24.IncludeInstanceMembers = True
		$24.IncludeStaticEntities = True
		$6.NamingRule = $25
		$25.Name = Parameters
		$25.AffectedEntity = Parameter
		$25.VisibilityMask = VisibilityMask
		$25.NamingStyle = CamelCase
		$25.IncludeInstanceMembers = True
		$25.IncludeStaticEntities = True
		$6.NamingRule = $26
		$26.Name = Type Parameters
		$26.RequiredPrefixes = $27
		$27.String = T
		$26.AffectedEntity = TypeParameter
		$26.VisibilityMask = VisibilityMask
		$26.NamingStyle = PascalCase
		$26.IncludeInstanceMembers = True
		$26.IncludeStaticEntities = True
	EndGlobalSection
	GlobalSection(SolutionProperties) = preSolution
		HideSolutionNode = FALSE
	EndGlobalSection
EndGlobal
